# THIS IS AN AUTOGENERATED FILE. DO NOT EDIT THIS FILE DIRECTLY.
# yarn lockfile v1


"@playwright/test@^1.30.0":
  version "1.37.0"
  resolved "https://registry.yarnpkg.com/@playwright/test/-/test-1.37.0.tgz#5b3b60dabaabc0d5d3021fb5a5bb8250b424c71d"
  integrity sha512-181WBLk4SRUyH1Q96VZl7BP6HcK0b7lbdeKisn3N/vnjitk+9HbdlFz/L5fey05vxaAhldIDnzo8KUoy8S3mmQ==
  dependencies:
    "@types/node" "*"
    playwright-core "1.37.0"
  optionalDependencies:
    fsevents "2.3.2"

"@types/node@*":
  version "20.5.0"
  resolved "https://registry.yarnpkg.com/@types/node/-/node-20.5.0.tgz#7fc8636d5f1aaa3b21e6245e97d56b7f56702313"
  integrity sha512-Mgq7eCtoTjT89FqNoTzzXg2XvCi5VMhRV6+I2aYanc6kQCBImeNaAYRs/DyoVqk1YEUJK5gN9VO7HRIdz4Wo3Q==

"@types/node@^16.7.13":
  version "16.18.40"
  resolved "https://registry.yarnpkg.com/@types/node/-/node-16.18.40.tgz#968d64746d20cac747a18ca982c0f1fe518c031c"
  integrity sha512-+yno3ItTEwGxXiS/75Q/aHaa5srkpnJaH+kdkTVJ3DtJEwv92itpKbxU+FjPoh2m/5G9zmUQfrL4A4C13c+iGA==

dom-serializer@^2.0.0:
  version "2.0.0"
  resolved "https://registry.yarnpkg.com/dom-serializer/-/dom-serializer-2.0.0.tgz#e41b802e1eedf9f6cae183ce5e622d789d7d8e53"
  integrity sha512-wIkAryiqt/nV5EQKqQpo3SToSOV9J0DnbJqwK7Wv/Trc92zIAYZ4FlMu+JPFW1DfGFt81ZTCGgDEabffXeLyJg==
  dependencies:
    domelementtype "^2.3.0"
    domhandler "^5.0.2"
    entities "^4.2.0"

domelementtype@^2.3.0:
  version "2.3.0"
  resolved "https://registry.yarnpkg.com/domelementtype/-/domelementtype-2.3.0.tgz#5c45e8e869952626331d7aab326d01daf65d589d"
  integrity sha512-OLETBj6w0OsagBwdXnPdN0cnMfF9opN69co+7ZrbfPGrdpPVNBUj02spi6B1N7wChLQiPn4CSH/zJvXw56gmHw==

domhandler@5.0.3, domhandler@^5.0.2, domhandler@^5.0.3:
  version "5.0.3"
  resolved "https://registry.yarnpkg.com/domhandler/-/domhandler-5.0.3.tgz#cc385f7f751f1d1fc650c21374804254538c7d31"
  integrity sha512-cgwlv/1iFQiFnU96XXgROh8xTeetsnJiDsTc7TYCLFd9+/WNkIqPTxiM/8pSd8VIrhXGTf1Ny1q1hquVqDJB5w==
  dependencies:
    domelementtype "^2.3.0"

domutils@^3.0.1:
  version "3.1.0"
  resolved "https://registry.yarnpkg.com/domutils/-/domutils-3.1.0.tgz#c47f551278d3dc4b0b1ab8cbb42d751a6f0d824e"
  integrity sha512-H78uMmQtI2AhgDJjWeQmHwJJ2bLPD3GMmO7Zja/ZZh84wkm+4ut+IUnUdRa8uCGX88DiVx1j6FRe1XfxEgjEZA==
  dependencies:
    dom-serializer "^2.0.0"
    domelementtype "^2.3.0"
    domhandler "^5.0.3"

entities@^4.2.0, entities@^4.4.0:
  version "4.5.0"
  resolved "https://registry.yarnpkg.com/entities/-/entities-4.5.0.tgz#5d268ea5e7113ec74c4d033b79ea5a35a488fb48"
  integrity sha512-V0hjH4dGPh9Ao5p0MoRY6BVqtwCjhz6vI5LT8AJ55H+4g9/4vbHx1I54fS0XuclLhDHArPQCiMjDxjaL8fPxhw==

fsevents@2.3.2:
  version "2.3.2"
  resolved "https://registry.yarnpkg.com/fsevents/-/fsevents-2.3.2.tgz#8a526f78b8fdf4623b709e0b975c52c24c02fd1a"
  integrity sha512-xiqMQR4xAeHTuB9uWm+fFRcIOgKBMiOBP+eXiyT7jsgVCq1bkVygt00oASowB7EdtpOHaaPgKt812P9ab+DDKA==

html-dom-parser@3.1.7:
  version "3.1.7"
  resolved "https://registry.yarnpkg.com/html-dom-parser/-/html-dom-parser-3.1.7.tgz#89debae290d1117ad98a174264bb478dce3f3e74"
  integrity sha512-cDgNF4YgF6J3H+d9mcldGL19p0GzVdS3iGuDNzYWQpU47q3+IRM85X3Xo07E+nntF4ek4s78A9V24EwxlPTjig==
  dependencies:
    domhandler "5.0.3"
    htmlparser2 "8.0.2"

html-react-parser@^3.0.16:
  version "3.0.16"
  resolved "https://registry.yarnpkg.com/html-react-parser/-/html-react-parser-3.0.16.tgz#bdd535a7730683c6d0ec60e7493e5d7a5463c8ca"
  integrity sha512-ysQZtRFPcg+McVb4B05oNWSnqM14zagpvTgGcI5e1/BvCl38YwzWzKibrbBmXeemg70olN1bAoeixo7o06G5Eg==
  dependencies:
    domhandler "5.0.3"
    html-dom-parser "3.1.7"
    react-property "2.0.0"
    style-to-js "1.1.3"

htmlparser2@8.0.2:
  version "8.0.2"
  resolved "https://registry.yarnpkg.com/htmlparser2/-/htmlparser2-8.0.2.tgz#f002151705b383e62433b5cf466f5b716edaec21"
  integrity sha512-GYdjWKDkbRLkZ5geuHs5NY1puJ+PXwP7+fHPRz06Eirsb9ugf6d8kkXav6ADhcODhFFPMIXyxkxSuMf3D6NCFA==
  dependencies:
    domelementtype "^2.3.0"
    domhandler "^5.0.3"
    domutils "^3.0.1"
    entities "^4.4.0"

inline-style-parser@0.1.1:
  version "0.1.1"
  resolved "https://registry.yarnpkg.com/inline-style-parser/-/inline-style-parser-0.1.1.tgz#ec8a3b429274e9c0a1f1c4ffa9453a7fef72cea1"
  integrity sha512-7NXolsK4CAS5+xvdj5OMMbI962hU/wvwoxk+LWR9Ek9bVtyuuYScDN6eS0rUm6TxApFpw7CX1o4uJzcd4AyD3Q==

playwright-core@1.37.0:
  version "1.37.0"
  resolved "https://registry.yarnpkg.com/playwright-core/-/playwright-core-1.37.0.tgz#a0a009b840076706452e29aab0efe0ebf5d45ab1"
  integrity sha512-1c46jhTH/myQw6sesrcuHVtLoSNfJv8Pfy9t3rs6subY7kARv0HRw5PpyfPYPpPtQvBOmgbE6K+qgYUpj81LAA==

react-property@2.0.0:
  version "2.0.0"
  resolved "https://registry.yarnpkg.com/react-property/-/react-property-2.0.0.tgz#2156ba9d85fa4741faf1918b38efc1eae3c6a136"
  integrity sha512-kzmNjIgU32mO4mmH5+iUyrqlpFQhF8K2k7eZ4fdLSOPFrD1XgEuSBv9LDEgxRXTMBqMd8ppT0x6TIzqE5pdGdw==

style-to-js@1.1.3:
  version "1.1.3"
  resolved "https://registry.yarnpkg.com/style-to-js/-/style-to-js-1.1.3.tgz#2012d75dc89bf400edc29c545ed61c8626b00184"
  integrity sha512-zKI5gN/zb7LS/Vm0eUwjmjrXWw8IMtyA8aPBJZdYiQTXj4+wQ3IucOLIOnF7zCHxvW8UhIGh/uZh/t9zEHXNTQ==
  dependencies:
    style-to-object "0.4.1"

style-to-object@0.4.1:
  version "0.4.1"
  resolved "https://registry.yarnpkg.com/style-to-object/-/style-to-object-0.4.1.tgz#53cf856f7cf7f172d72939d9679556469ba5de37"
  integrity sha512-HFpbb5gr2ypci7Qw+IOhnP2zOU7e77b+rzM+wTzXzfi1PrtBCX0E7Pk4wL4iTLnhzZ+JgEGAhX81ebTg/aYjQw==
  dependencies:
    inline-style-parser "0.1.1"
